
Microsoft Visual Studio Solution File, Format Version 12.00
# Visual Studio Version 17
VisualStudioVersion = 17.9.34728.123
MinimumVisualStudioVersion = 10.0.40219.1
Project("{FAE04EC0-301F-11D3-BF4B-00C04F79EFBC}") = "ConsoleApp1", "ConsoleApp1.csproj", "{B10D42C2-FE19-4359-B18C-712EF6B43126}"
EndProject
Global
	GlobalSection(SolutionConfigurationPlatforms) = preSolution
		Debug|Any CPU = Debug|Any CPU
		Release|Any CPU = Release|Any CPU
	EndGlobalSection
	GlobalSection(ProjectConfigurationPlatforms) = postSolution
		{B10D42C2-FE19-4359-B18C-712EF6B43126}.Debug|Any CPU.ActiveCfg = Debug|Any CPU
		{B10D42C2-FE19-4359-B18C-712EF6B43126}.Debug|Any CPU.Build.0 = Debug|Any CPU
		{B10D42C2-FE19-4359-B18C-712EF6B43126}.Release|Any CPU.ActiveCfg = Release|Any CPU
		{B10D42C2-FE19-4359-B18C-712EF6B43126}.Release|Any CPU.Build.0 = Release|Any CPU
	EndGlobalSection
	GlobalSection(SolutionProperties) = preSolution
		HideSolutionNode = FALSE
	EndGlobalSection
	GlobalSection(ExtensibilityGlobals) = postSolution
		SolutionGuid = {09BBB850-7713-4CF6-8D2A-3AD54D196491}
	EndGlobalSection
EndGlobal
